
Microsoft Visual Studio Solution File, Format Version 12.00
# Visual Studio Version 16
VisualStudioVersion = 16.0.29613.14
MinimumVisualStudioVersion = 10.0.40219.1
Project("{FAE04EC0-301F-11D3-BF4B-00C04F79EFBC}") = "ClipboardHelperRegEx", "ClipboardHelper\ClipboardHelperRegEx.csproj", "{2D8F74BA-E1E4-4F78-B7F5-F7D3C382327B}"
EndProject
Project("{FAE04EC0-301F-11D3-BF4B-00C04F79EFBC}") = "Template", "BaseForm\BaseForm\Template.csproj", "{EC97DA6C-1EA0-495B-93CF-F6BE242A099C}"
EndProject
Global
	GlobalSection(SolutionConfigurationPlatforms) = preSolution
		Debug|Any CPU = Debug|Any CPU
		Release|Any CPU = Release|Any CPU
	EndGlobalSection
	GlobalSection(ProjectConfigurationPlatforms) = postSolution
		{2D8F74BA-E1E4-4F78-B7F5-F7D3C382327B}.Debug|Any CPU.ActiveCfg = Debug|Any CPU
		{2D8F74BA-E1E4-4F78-B7F5-F7D3C382327B}.Debug|Any CPU.Build.0 = Debug|Any CPU
		{2D8F74BA-E1E4-4F78-B7F5-F7D3C382327B}.Release|Any CPU.ActiveCfg = Release|Any CPU
		{2D8F74BA-E1E4-4F78-B7F5-F7D3C382327B}.Release|Any CPU.Build.0 = Release|Any CPU
		{EC97DA6C-1EA0-495B-93CF-F6BE242A099C}.Debug|Any CPU.ActiveCfg = Debug|Any CPU
		{EC97DA6C-1EA0-495B-93CF-F6BE242A099C}.Debug|Any CPU.Build.0 = Debug|Any CPU
		{EC97DA6C-1EA0-495B-93CF-F6BE242A099C}.Release|Any CPU.ActiveCfg = Release|Any CPU
		{EC97DA6C-1EA0-495B-93CF-F6BE242A099C}.Release|Any CPU.Build.0 = Release|Any CPU
	EndGlobalSection
	GlobalSection(SolutionProperties) = preSolution
		HideSolutionNode = FALSE
	EndGlobalSection
	GlobalSection(ExtensibilityGlobals) = postSolution
		SolutionGuid = {ABC481BD-5F94-4EF3-B8E9-FF1C964C7566}
	EndGlobalSection
EndGlobal
